
Microsoft Visual Studio Solution File, Format Version 12.00
# Visual Studio Version 17
VisualStudioVersion = 17.11.35327.3
MinimumVisualStudioVersion = 10.0.40219.1
Project("{FAE04EC0-301F-11D3-BF4B-00C04F79EFBC}") = "QuestionsAnswers", "QuestionsAnswers\QuestionsAnswers.csproj", "{44F23AE5-6495-4CF4-9573-3F50F2243AB3}"
EndProject
Global
	GlobalSection(SolutionConfigurationPlatforms) = preSolution
		Debug|Any CPU = Debug|Any CPU
		Release|Any CPU = Release|Any CPU
	EndGlobalSection
	GlobalSection(ProjectConfigurationPlatforms) = postSolution
		{44F23AE5-6495-4CF4-9573-3F50F2243AB3}.Debug|Any CPU.ActiveCfg = Debug|Any CPU
		{44F23AE5-6495-4CF4-9573-3F50F2243AB3}.Debug|Any CPU.Build.0 = Debug|Any CPU
		{44F23AE5-6495-4CF4-9573-3F50F2243AB3}.Release|Any CPU.ActiveCfg = Release|Any CPU
		{44F23AE5-6495-4CF4-9573-3F50F2243AB3}.Release|Any CPU.Build.0 = Release|Any CPU
	EndGlobalSection
	GlobalSection(SolutionProperties) = preSolution
		HideSolutionNode = FALSE
	EndGlobalSection
	GlobalSection(ExtensibilityGlobals) = postSolution
		SolutionGuid = {B1224784-CDE2-4D7E-AEE9-1E85AA7B6D3C}
	EndGlobalSection
EndGlobal
